
Microsoft Visual Studio Solution File, Format Version 12.00
# Visual Studio Version 17
VisualStudioVersion = 17.0.31903.59
MinimumVisualStudioVersion = 10.0.40219.1
Project("{FAE04EC0-301F-11D3-BF4B-00C04F79EFBC}") = "LaborTrackingApp", "LaborTrackingApp\LaborTrackingApp.csproj", "{11519E4E-A50E-4CD1-8E98-10408312F450}"
EndProject
Global
	GlobalSection(SolutionConfigurationPlatforms) = preSolution
		Debug|Any CPU = Debug|Any CPU
		Release|Any CPU = Release|Any CPU
	EndGlobalSection
	GlobalSection(SolutionProperties) = preSolution
		HideSolutionNode = FALSE
	EndGlobalSection
	GlobalSection(ProjectConfigurationPlatforms) = postSolution
		{11519E4E-A50E-4CD1-8E98-10408312F450}.Debug|Any CPU.ActiveCfg = Debug|Any CPU
		{11519E4E-A50E-4CD1-8E98-10408312F450}.Debug|Any CPU.Build.0 = Debug|Any CPU
		{11519E4E-A50E-4CD1-8E98-10408312F450}.Release|Any CPU.ActiveCfg = Release|Any CPU
		{11519E4E-A50E-4CD1-8E98-10408312F450}.Release|Any CPU.Build.0 = Release|Any CPU
	EndGlobalSection
EndGlobal
